
Microsoft Visual Studio Solution File, Format Version 12.00
# Visual Studio Version 17
VisualStudioVersion = 17.4.33213.308
MinimumVisualStudioVersion = 10.0.40219.1
Project("{FAE04EC0-301F-11D3-BF4B-00C04F79EFBC}") = "ShopOnline.Web", "ShopOnline.Web\ShopOnline.Web.csproj", "{2B6CA2D1-1977-4886-9C1F-18C45A8D0FCD}"
EndProject
Project("{FAE04EC0-301F-11D3-BF4B-00C04F79EFBC}") = "ShopOnline.Api", "ShopOnline.Api\ShopOnline.Api.csproj", "{435FFD0E-639E-4116-A53B-8BCB99E6B80E}"
EndProject
Global
	GlobalSection(SolutionConfigurationPlatforms) = preSolution
		Debug|Any CPU = Debug|Any CPU
		Release|Any CPU = Release|Any CPU
	EndGlobalSection
	GlobalSection(ProjectConfigurationPlatforms) = postSolution
		{2B6CA2D1-1977-4886-9C1F-18C45A8D0FCD}.Debug|Any CPU.ActiveCfg = Debug|Any CPU
		{2B6CA2D1-1977-4886-9C1F-18C45A8D0FCD}.Debug|Any CPU.Build.0 = Debug|Any CPU
		{2B6CA2D1-1977-4886-9C1F-18C45A8D0FCD}.Release|Any CPU.ActiveCfg = Release|Any CPU
		{2B6CA2D1-1977-4886-9C1F-18C45A8D0FCD}.Release|Any CPU.Build.0 = Release|Any CPU
		{435FFD0E-639E-4116-A53B-8BCB99E6B80E}.Debug|Any CPU.ActiveCfg = Debug|Any CPU
		{435FFD0E-639E-4116-A53B-8BCB99E6B80E}.Debug|Any CPU.Build.0 = Debug|Any CPU
		{435FFD0E-639E-4116-A53B-8BCB99E6B80E}.Release|Any CPU.ActiveCfg = Release|Any CPU
		{435FFD0E-639E-4116-A53B-8BCB99E6B80E}.Release|Any CPU.Build.0 = Release|Any CPU
	EndGlobalSection
	GlobalSection(SolutionProperties) = preSolution
		HideSolutionNode = FALSE
	EndGlobalSection
	GlobalSection(ExtensibilityGlobals) = postSolution
		SolutionGuid = {7771ECBB-9171-4909-82AB-3A09A56BBBB6}
	EndGlobalSection
EndGlobal
